
Microsoft Visual Studio Solution File, Format Version 12.00
# Visual Studio Version 16
VisualStudioVersion = 16.0.32630.194
MinimumVisualStudioVersion = 10.0.40219.1
Project("{9A19103F-16F7-4668-BE54-9A1E7A4F7556}") = "ApiPrueba", "ApiPrueba\ApiPrueba.csproj", "{E71DAA68-85FF-43C9-827E-F537DF2C283B}"
EndProject
Global
	GlobalSection(SolutionConfigurationPlatforms) = preSolution
		Debug|Any CPU = Debug|Any CPU
		Release|Any CPU = Release|Any CPU
	EndGlobalSection
	GlobalSection(ProjectConfigurationPlatforms) = postSolution
		{E71DAA68-85FF-43C9-827E-F537DF2C283B}.Debug|Any CPU.ActiveCfg = Debug|Any CPU
		{E71DAA68-85FF-43C9-827E-F537DF2C283B}.Debug|Any CPU.Build.0 = Debug|Any CPU
		{E71DAA68-85FF-43C9-827E-F537DF2C283B}.Release|Any CPU.ActiveCfg = Release|Any CPU
		{E71DAA68-85FF-43C9-827E-F537DF2C283B}.Release|Any CPU.Build.0 = Release|Any CPU
	EndGlobalSection
	GlobalSection(SolutionProperties) = preSolution
		HideSolutionNode = FALSE
	EndGlobalSection
	GlobalSection(ExtensibilityGlobals) = postSolution
		SolutionGuid = {DAB19B01-B755-4B4A-B8F2-CEA46623F506}
	EndGlobalSection
EndGlobal
